
Microsoft Visual Studio Solution File, Format Version 12.00
# Visual Studio Version 17
VisualStudioVersion = 17.1.32210.238
MinimumVisualStudioVersion = 10.0.40219.1
Project("{9A19103F-16F7-4668-BE54-9A1E7A4F7556}") = "WinFormAppForAllProjectsUsingMDI_Cheng3001_220608", "WinFormAppForAllProjectsUsingMDI_Cheng3001_220608.csproj", "{AC95EB04-75D8-4D59-9040-1DF56F29C56F}"
EndProject
Project("{9A19103F-16F7-4668-BE54-9A1E7A4F7556}") = "CreateFile_TextAndByte_Cheng3001", "..\220504 FileAndStream\CreateFile_TextAndByte_Cheng3001\CreateFile_TextAndByte_Cheng3001.csproj", "{983F850F-100F-4AA6-B649-0841E8FC632D}"
EndProject
Project("{9A19103F-16F7-4668-BE54-9A1E7A4F7556}") = "CreditInquirty_TextAndByte_Cheng3001", "..\220504 FileAndStream\CreditInquirty_TextAndByte_Cheng3001\CreditInquirty_TextAndByte_Cheng3001.csproj", "{49B7A9CA-9CD9-41EB-9544-D9DE6C792DE6}"
EndProject
Project("{9A19103F-16F7-4668-BE54-9A1E7A4F7556}") = "ReadSequentialAccessFile_TextAndByte_Cheng3001", "..\220504 FileAndStream\ReadSequentialAccessFile_TextAndByte_Cheng3001\ReadSequentialAccessFile_TextAndByte_Cheng3001.csproj", "{01C37AA9-FDA7-4515-A8DF-4AA3A47AC545}"
EndProject
Project("{9A19103F-16F7-4668-BE54-9A1E7A4F7556}") = "BankLibrary_Cheng3001", "..\220504 FileAndStream\WinFormsApp4Bank_Cheng3001_220504\BankLibrary_Cheng3001.csproj", "{DBC08C69-095B-48F9-AE24-0437F23E6F2B}"
EndProject
Project("{9A19103F-16F7-4668-BE54-9A1E7A4F7556}") = "ClassLibrary_Cheng3001", "..\ClassLibrary_Cheng3001\ClassLibrary_Cheng3001.csproj", "{09EC6D7D-EE7F-4D07-A689-3E9B8064DAB0}"
EndProject
Project("{9A19103F-16F7-4668-BE54-9A1E7A4F7556}") = "ColorTheme_Cheng3001", "..\ColorTheme_Cheng3001\ColorTheme_Cheng3001.csproj", "{7729E3AD-AD97-452C-9F63-17DC2851D865}"
EndProject
Project("{9A19103F-16F7-4668-BE54-9A1E7A4F7556}") = "LotteryNumber_Cheng3001", "..\LotteryNumber_Cheng3001\LotteryNumber_Cheng3001.csproj", "{6950DD72-0A53-438F-9EDC-095D5B9707EF}"
EndProject
Project("{9A19103F-16F7-4668-BE54-9A1E7A4F7556}") = "WinFormsApp1UsingLINQ_Cheng3001_220413", "..\220413 WinFormsApp1UsingLINQ_Cheng3001\WinFormsApp1UsingLINQ_Cheng3001_220413.csproj", "{E2880D6E-944A-4919-AC50-F585F51622E5}"
EndProject
Project("{9A19103F-16F7-4668-BE54-9A1E7A4F7556}") = "WorkerUsingLINQ_Cheng3001", "..\Midterm_2_Cheng3001\Midterm_2_Cheng3001\220413 WinFormsApp1UsingLINQ_Cheng3001\WorkerUsingLINQ_Cheng3001.csproj", "{ACE2CFB4-D098-4BDE-BCEB-874C1F3C9946}"
EndProject
Project("{9A19103F-16F7-4668-BE54-9A1E7A4F7556}") = "WinFormsAppForImageProcessing_Cheng3001", "..\220615 ImageProcessing\WinFormsAppForImageProcessing_Cheng3001\WinFormsAppForImageProcessing_Cheng3001.csproj", "{29AA02DB-F25A-41AD-9EFA-E4C4A6E89514}"
EndProject
Global
	GlobalSection(SolutionConfigurationPlatforms) = preSolution
		Debug|Any CPU = Debug|Any CPU
		Release|Any CPU = Release|Any CPU
	EndGlobalSection
	GlobalSection(ProjectConfigurationPlatforms) = postSolution
		{AC95EB04-75D8-4D59-9040-1DF56F29C56F}.Debug|Any CPU.ActiveCfg = Debug|Any CPU
		{AC95EB04-75D8-4D59-9040-1DF56F29C56F}.Debug|Any CPU.Build.0 = Debug|Any CPU
		{AC95EB04-75D8-4D59-9040-1DF56F29C56F}.Release|Any CPU.ActiveCfg = Release|Any CPU
		{AC95EB04-75D8-4D59-9040-1DF56F29C56F}.Release|Any CPU.Build.0 = Release|Any CPU
		{983F850F-100F-4AA6-B649-0841E8FC632D}.Debug|Any CPU.ActiveCfg = Debug|Any CPU
		{983F850F-100F-4AA6-B649-0841E8FC632D}.Debug|Any CPU.Build.0 = Debug|Any CPU
		{983F850F-100F-4AA6-B649-0841E8FC632D}.Release|Any CPU.ActiveCfg = Release|Any CPU
		{983F850F-100F-4AA6-B649-0841E8FC632D}.Release|Any CPU.Build.0 = Release|Any CPU
		{49B7A9CA-9CD9-41EB-9544-D9DE6C792DE6}.Debug|Any CPU.ActiveCfg = Debug|Any CPU
		{49B7A9CA-9CD9-41EB-9544-D9DE6C792DE6}.Debug|Any CPU.Build.0 = Debug|Any CPU
		{49B7A9CA-9CD9-41EB-9544-D9DE6C792DE6}.Release|Any CPU.ActiveCfg = Release|Any CPU
		{49B7A9CA-9CD9-41EB-9544-D9DE6C792DE6}.Release|Any CPU.Build.0 = Release|Any CPU
		{01C37AA9-FDA7-4515-A8DF-4AA3A47AC545}.Debug|Any CPU.ActiveCfg = Debug|Any CPU
		{01C37AA9-FDA7-4515-A8DF-4AA3A47AC545}.Debug|Any CPU.Build.0 = Debug|Any CPU
		{01C37AA9-FDA7-4515-A8DF-4AA3A47AC545}.Release|Any CPU.ActiveCfg = Release|Any CPU
		{01C37AA9-FDA7-4515-A8DF-4AA3A47AC545}.Release|Any CPU.Build.0 = Release|Any CPU
		{DBC08C69-095B-48F9-AE24-0437F23E6F2B}.Debug|Any CPU.ActiveCfg = Debug|Any CPU
		{DBC08C69-095B-48F9-AE24-0437F23E6F2B}.Debug|Any CPU.Build.0 = Debug|Any CPU
		{DBC08C69-095B-48F9-AE24-0437F23E6F2B}.Release|Any CPU.ActiveCfg = Release|Any CPU
		{DBC08C69-095B-48F9-AE24-0437F23E6F2B}.Release|Any CPU.Build.0 = Release|Any CPU
		{09EC6D7D-EE7F-4D07-A689-3E9B8064DAB0}.Debug|Any CPU.ActiveCfg = Debug|Any CPU
		{09EC6D7D-EE7F-4D07-A689-3E9B8064DAB0}.Debug|Any CPU.Build.0 = Debug|Any CPU
		{09EC6D7D-EE7F-4D07-A689-3E9B8064DAB0}.Release|Any CPU.ActiveCfg = Release|Any CPU
		{09EC6D7D-EE7F-4D07-A689-3E9B8064DAB0}.Release|Any CPU.Build.0 = Release|Any CPU
		{7729E3AD-AD97-452C-9F63-17DC2851D865}.Debug|Any CPU.ActiveCfg = Debug|Any CPU
		{7729E3AD-AD97-452C-9F63-17DC2851D865}.Debug|Any CPU.Build.0 = Debug|Any CPU
		{7729E3AD-AD97-452C-9F63-17DC2851D865}.Release|Any CPU.ActiveCfg = Release|Any CPU
		{7729E3AD-AD97-452C-9F63-17DC2851D865}.Release|Any CPU.Build.0 = Release|Any CPU
		{6950DD72-0A53-438F-9EDC-095D5B9707EF}.Debug|Any CPU.ActiveCfg = Debug|Any CPU
		{6950DD72-0A53-438F-9EDC-095D5B9707EF}.Debug|Any CPU.Build.0 = Debug|Any CPU
		{6950DD72-0A53-438F-9EDC-095D5B9707EF}.Release|Any CPU.ActiveCfg = Release|Any CPU
		{6950DD72-0A53-438F-9EDC-095D5B9707EF}.Release|Any CPU.Build.0 = Release|Any CPU
		{E2880D6E-944A-4919-AC50-F585F51622E5}.Debug|Any CPU.ActiveCfg = Debug|Any CPU
		{E2880D6E-944A-4919-AC50-F585F51622E5}.Debug|Any CPU.Build.0 = Debug|Any CPU
		{E2880D6E-944A-4919-AC50-F585F51622E5}.Release|Any CPU.ActiveCfg = Release|Any CPU
		{E2880D6E-944A-4919-AC50-F585F51622E5}.Release|Any CPU.Build.0 = Release|Any CPU
		{ACE2CFB4-D098-4BDE-BCEB-874C1F3C9946}.Debug|Any CPU.ActiveCfg = Debug|Any CPU
		{ACE2CFB4-D098-4BDE-BCEB-874C1F3C9946}.Debug|Any CPU.Build.0 = Debug|Any CPU
		{ACE2CFB4-D098-4BDE-BCEB-874C1F3C9946}.Release|Any CPU.ActiveCfg = Release|Any CPU
		{ACE2CFB4-D098-4BDE-BCEB-874C1F3C9946}.Release|Any CPU.Build.0 = Release|Any CPU
		{29AA02DB-F25A-41AD-9EFA-E4C4A6E89514}.Debug|Any CPU.ActiveCfg = Debug|Any CPU
		{29AA02DB-F25A-41AD-9EFA-E4C4A6E89514}.Debug|Any CPU.Build.0 = Debug|Any CPU
		{29AA02DB-F25A-41AD-9EFA-E4C4A6E89514}.Release|Any CPU.ActiveCfg = Release|Any CPU
		{29AA02DB-F25A-41AD-9EFA-E4C4A6E89514}.Release|Any CPU.Build.0 = Release|Any CPU
	EndGlobalSection
	GlobalSection(SolutionProperties) = preSolution
		HideSolutionNode = FALSE
	EndGlobalSection
	GlobalSection(ExtensibilityGlobals) = postSolution
		SolutionGuid = {E4E6FA0A-EC56-43A0-B95D-32A6B4965E86}
	EndGlobalSection
EndGlobal
